
Microsoft Visual Studio Solution File, Format Version 12.00
# Visual Studio Version 17
VisualStudioVersion = 17.7.34031.279
MinimumVisualStudioVersion = 10.0.40219.1
Project("{9A19103F-16F7-4668-BE54-9A1E7A4F7556}") = "TDAP", "TDAP2\TDAP.csproj", "{3C8504A3-2544-497C-BDB7-FA5857443E8B}"
EndProject
Project("{9A19103F-16F7-4668-BE54-9A1E7A4F7556}") = "TDAP_GUI", "TDAP_GUI\TDAP_GUI.csproj", "{0B271BA3-C673-4522-B0DB-C7AF3935C703}"
EndProject
Project("{9A19103F-16F7-4668-BE54-9A1E7A4F7556}") = "TDAP_GUI.Desktop", "TDAP_GUI.Desktop\TDAP_GUI.Desktop.csproj", "{27A7ACA1-20A2-4687-A86D-19AAF5422222}"
EndProject
Project("{8BC9CEB8-8B4A-11D0-8D11-00A0C91BC942}") = "TransFE", "TransFE\TransFE.vcxproj", "{480B57CF-D51F-44AE-A267-556E9901DDBD}"
EndProject
Project("{8BC9CEB8-8B4A-11D0-8D11-00A0C91BC942}") = "MeshDB", "TransFE\MeshDB\MeshDB.vcxproj", "{9FD19BFD-D0DC-462D-81A9-EC145411BF7A}"
EndProject
Project("{9A19103F-16F7-4668-BE54-9A1E7A4F7556}") = "TransFE_Wrapper", "TransFE_Wrapper\TransFE_Wrapper.csproj", "{B53DC5AB-73FA-44DD-9B91-781CDFA4E4BD}"
	ProjectSection(ProjectDependencies) = postProject
		{5B0AA150-B05D-4B12-A031-B11216BB5E75} = {5B0AA150-B05D-4B12-A031-B11216BB5E75}
	EndProjectSection
EndProject
Project("{8BC9CEB8-8B4A-11D0-8D11-00A0C91BC942}") = "TestApp", "TestApp\TestApp.vcxproj", "{2FBC9C32-885A-403A-B441-1F8D9137E949}"
EndProject
Project("{FAE04EC0-301F-11D3-BF4B-00C04F79EFBC}") = "GeometryLib", "..\GeomLibrary\GeometryLib\GeometryLib.csproj", "{85C5A34A-01F2-4BD6-B024-AF9C623D01AC}"
EndProject
Project("{FAE04EC0-301F-11D3-BF4B-00C04F79EFBC}") = "MeshLib", "..\GeomLibrary\MeshLib\MeshLib.csproj", "{5487F332-ECEE-40A3-9CA2-1F956F7E1FF4}"
EndProject
Project("{8BC9CEB8-8B4A-11D0-8D11-00A0C91BC942}") = "TransFE_NativeWrapper", "TransFE_NativeWrapper\TransFE_NativeWrapper.vcxproj", "{5B0AA150-B05D-4B12-A031-B11216BB5E75}"
EndProject
Global
	GlobalSection(SolutionConfigurationPlatforms) = preSolution
		Debug|Any CPU = Debug|Any CPU
		Debug|x64 = Debug|x64
		Debug|x86 = Debug|x86
		Release|Any CPU = Release|Any CPU
		Release|x64 = Release|x64
		Release|x86 = Release|x86
	EndGlobalSection
	GlobalSection(ProjectConfigurationPlatforms) = postSolution
		{3C8504A3-2544-497C-BDB7-FA5857443E8B}.Debug|Any CPU.ActiveCfg = Debug|Any CPU
		{3C8504A3-2544-497C-BDB7-FA5857443E8B}.Debug|Any CPU.Build.0 = Debug|Any CPU
		{3C8504A3-2544-497C-BDB7-FA5857443E8B}.Debug|x64.ActiveCfg = Debug|Any CPU
		{3C8504A3-2544-497C-BDB7-FA5857443E8B}.Debug|x64.Build.0 = Debug|Any CPU
		{3C8504A3-2544-497C-BDB7-FA5857443E8B}.Debug|x86.ActiveCfg = Debug|Any CPU
		{3C8504A3-2544-497C-BDB7-FA5857443E8B}.Debug|x86.Build.0 = Debug|Any CPU
		{3C8504A3-2544-497C-BDB7-FA5857443E8B}.Release|Any CPU.ActiveCfg = Release|Any CPU
		{3C8504A3-2544-497C-BDB7-FA5857443E8B}.Release|Any CPU.Build.0 = Release|Any CPU
		{3C8504A3-2544-497C-BDB7-FA5857443E8B}.Release|x64.ActiveCfg = Release|Any CPU
		{3C8504A3-2544-497C-BDB7-FA5857443E8B}.Release|x64.Build.0 = Release|Any CPU
		{3C8504A3-2544-497C-BDB7-FA5857443E8B}.Release|x86.ActiveCfg = Release|Any CPU
		{3C8504A3-2544-497C-BDB7-FA5857443E8B}.Release|x86.Build.0 = Release|Any CPU
		{0B271BA3-C673-4522-B0DB-C7AF3935C703}.Debug|Any CPU.ActiveCfg = Debug|Any CPU
		{0B271BA3-C673-4522-B0DB-C7AF3935C703}.Debug|Any CPU.Build.0 = Debug|Any CPU
		{0B271BA3-C673-4522-B0DB-C7AF3935C703}.Debug|x64.ActiveCfg = Debug|Any CPU
		{0B271BA3-C673-4522-B0DB-C7AF3935C703}.Debug|x64.Build.0 = Debug|Any CPU
		{0B271BA3-C673-4522-B0DB-C7AF3935C703}.Debug|x86.ActiveCfg = Debug|Any CPU
		{0B271BA3-C673-4522-B0DB-C7AF3935C703}.Debug|x86.Build.0 = Debug|Any CPU
		{0B271BA3-C673-4522-B0DB-C7AF3935C703}.Release|Any CPU.ActiveCfg = Release|Any CPU
		{0B271BA3-C673-4522-B0DB-C7AF3935C703}.Release|Any CPU.Build.0 = Release|Any CPU
		{0B271BA3-C673-4522-B0DB-C7AF3935C703}.Release|x64.ActiveCfg = Release|Any CPU
		{0B271BA3-C673-4522-B0DB-C7AF3935C703}.Release|x64.Build.0 = Release|Any CPU
		{0B271BA3-C673-4522-B0DB-C7AF3935C703}.Release|x86.ActiveCfg = Release|Any CPU
		{0B271BA3-C673-4522-B0DB-C7AF3935C703}.Release|x86.Build.0 = Release|Any CPU
		{27A7ACA1-20A2-4687-A86D-19AAF5422222}.Debug|Any CPU.ActiveCfg = Debug|Any CPU
		{27A7ACA1-20A2-4687-A86D-19AAF5422222}.Debug|Any CPU.Build.0 = Debug|Any CPU
		{27A7ACA1-20A2-4687-A86D-19AAF5422222}.Debug|x64.ActiveCfg = Debug|Any CPU
		{27A7ACA1-20A2-4687-A86D-19AAF5422222}.Debug|x64.Build.0 = Debug|Any CPU
		{27A7ACA1-20A2-4687-A86D-19AAF5422222}.Debug|x86.ActiveCfg = Debug|Any CPU
		{27A7ACA1-20A2-4687-A86D-19AAF5422222}.Debug|x86.Build.0 = Debug|Any CPU
		{27A7ACA1-20A2-4687-A86D-19AAF5422222}.Release|Any CPU.ActiveCfg = Release|Any CPU
		{27A7ACA1-20A2-4687-A86D-19AAF5422222}.Release|Any CPU.Build.0 = Release|Any CPU
		{27A7ACA1-20A2-4687-A86D-19AAF5422222}.Release|x64.ActiveCfg = Release|Any CPU
		{27A7ACA1-20A2-4687-A86D-19AAF5422222}.Release|x64.Build.0 = Release|Any CPU
		{27A7ACA1-20A2-4687-A86D-19AAF5422222}.Release|x86.ActiveCfg = Release|Any CPU
		{27A7ACA1-20A2-4687-A86D-19AAF5422222}.Release|x86.Build.0 = Release|Any CPU
		{480B57CF-D51F-44AE-A267-556E9901DDBD}.Debug|Any CPU.ActiveCfg = Debug|x64
		{480B57CF-D51F-44AE-A267-556E9901DDBD}.Debug|Any CPU.Build.0 = Debug|x64
		{480B57CF-D51F-44AE-A267-556E9901DDBD}.Debug|x64.ActiveCfg = Debug|x64
		{480B57CF-D51F-44AE-A267-556E9901DDBD}.Debug|x64.Build.0 = Debug|x64
		{480B57CF-D51F-44AE-A267-556E9901DDBD}.Debug|x86.ActiveCfg = Debug|Win32
		{480B57CF-D51F-44AE-A267-556E9901DDBD}.Debug|x86.Build.0 = Debug|Win32
		{480B57CF-D51F-44AE-A267-556E9901DDBD}.Release|Any CPU.ActiveCfg = Release|x64
		{480B57CF-D51F-44AE-A267-556E9901DDBD}.Release|Any CPU.Build.0 = Release|x64
		{480B57CF-D51F-44AE-A267-556E9901DDBD}.Release|x64.ActiveCfg = Release|x64
		{480B57CF-D51F-44AE-A267-556E9901DDBD}.Release|x64.Build.0 = Release|x64
		{480B57CF-D51F-44AE-A267-556E9901DDBD}.Release|x86.ActiveCfg = Release|Win32
		{480B57CF-D51F-44AE-A267-556E9901DDBD}.Release|x86.Build.0 = Release|Win32
		{9FD19BFD-D0DC-462D-81A9-EC145411BF7A}.Debug|Any CPU.ActiveCfg = Debug|x64
		{9FD19BFD-D0DC-462D-81A9-EC145411BF7A}.Debug|Any CPU.Build.0 = Debug|x64
		{9FD19BFD-D0DC-462D-81A9-EC145411BF7A}.Debug|x64.ActiveCfg = Debug|x64
		{9FD19BFD-D0DC-462D-81A9-EC145411BF7A}.Debug|x64.Build.0 = Debug|x64
		{9FD19BFD-D0DC-462D-81A9-EC145411BF7A}.Debug|x86.ActiveCfg = Debug|Win32
		{9FD19BFD-D0DC-462D-81A9-EC145411BF7A}.Debug|x86.Build.0 = Debug|Win32
		{9FD19BFD-D0DC-462D-81A9-EC145411BF7A}.Release|Any CPU.ActiveCfg = Release|x64
		{9FD19BFD-D0DC-462D-81A9-EC145411BF7A}.Release|Any CPU.Build.0 = Release|x64
		{9FD19BFD-D0DC-462D-81A9-EC145411BF7A}.Release|x64.ActiveCfg = Release|x64
		{9FD19BFD-D0DC-462D-81A9-EC145411BF7A}.Release|x64.Build.0 = Release|x64
		{9FD19BFD-D0DC-462D-81A9-EC145411BF7A}.Release|x86.ActiveCfg = Release|Win32
		{9FD19BFD-D0DC-462D-81A9-EC145411BF7A}.Release|x86.Build.0 = Release|Win32
		{B53DC5AB-73FA-44DD-9B91-781CDFA4E4BD}.Debug|Any CPU.ActiveCfg = Debug|Any CPU
		{B53DC5AB-73FA-44DD-9B91-781CDFA4E4BD}.Debug|Any CPU.Build.0 = Debug|Any CPU
		{B53DC5AB-73FA-44DD-9B91-781CDFA4E4BD}.Debug|x64.ActiveCfg = Debug|Any CPU
		{B53DC5AB-73FA-44DD-9B91-781CDFA4E4BD}.Debug|x64.Build.0 = Debug|Any CPU
		{B53DC5AB-73FA-44DD-9B91-781CDFA4E4BD}.Debug|x86.ActiveCfg = Debug|Any CPU
		{B53DC5AB-73FA-44DD-9B91-781CDFA4E4BD}.Debug|x86.Build.0 = Debug|Any CPU
		{B53DC5AB-73FA-44DD-9B91-781CDFA4E4BD}.Release|Any CPU.ActiveCfg = Release|Any CPU
		{B53DC5AB-73FA-44DD-9B91-781CDFA4E4BD}.Release|Any CPU.Build.0 = Release|Any CPU
		{B53DC5AB-73FA-44DD-9B91-781CDFA4E4BD}.Release|x64.ActiveCfg = Release|Any CPU
		{B53DC5AB-73FA-44DD-9B91-781CDFA4E4BD}.Release|x64.Build.0 = Release|Any CPU
		{B53DC5AB-73FA-44DD-9B91-781CDFA4E4BD}.Release|x86.ActiveCfg = Release|Any CPU
		{B53DC5AB-73FA-44DD-9B91-781CDFA4E4BD}.Release|x86.Build.0 = Release|Any CPU
		{2FBC9C32-885A-403A-B441-1F8D9137E949}.Debug|Any CPU.ActiveCfg = Debug|x64
		{2FBC9C32-885A-403A-B441-1F8D9137E949}.Debug|Any CPU.Build.0 = Debug|x64
		{2FBC9C32-885A-403A-B441-1F8D9137E949}.Debug|x64.ActiveCfg = Debug|x64
		{2FBC9C32-885A-403A-B441-1F8D9137E949}.Debug|x64.Build.0 = Debug|x64
		{2FBC9C32-885A-403A-B441-1F8D9137E949}.Debug|x86.ActiveCfg = Debug|Win32
		{2FBC9C32-885A-403A-B441-1F8D9137E949}.Debug|x86.Build.0 = Debug|Win32
		{2FBC9C32-885A-403A-B441-1F8D9137E949}.Release|Any CPU.ActiveCfg = Release|x64
		{2FBC9C32-885A-403A-B441-1F8D9137E949}.Release|Any CPU.Build.0 = Release|x64
		{2FBC9C32-885A-403A-B441-1F8D9137E949}.Release|x64.ActiveCfg = Release|x64
		{2FBC9C32-885A-403A-B441-1F8D9137E949}.Release|x64.Build.0 = Release|x64
		{2FBC9C32-885A-403A-B441-1F8D9137E949}.Release|x86.ActiveCfg = Release|Win32
		{2FBC9C32-885A-403A-B441-1F8D9137E949}.Release|x86.Build.0 = Release|Win32
		{85C5A34A-01F2-4BD6-B024-AF9C623D01AC}.Debug|Any CPU.ActiveCfg = Debug|Any CPU
		{85C5A34A-01F2-4BD6-B024-AF9C623D01AC}.Debug|Any CPU.Build.0 = Debug|Any CPU
		{85C5A34A-01F2-4BD6-B024-AF9C623D01AC}.Debug|x64.ActiveCfg = Debug|Any CPU
		{85C5A34A-01F2-4BD6-B024-AF9C623D01AC}.Debug|x64.Build.0 = Debug|Any CPU
		{85C5A34A-01F2-4BD6-B024-AF9C623D01AC}.Debug|x86.ActiveCfg = Debug|Any CPU
		{85C5A34A-01F2-4BD6-B024-AF9C623D01AC}.Debug|x86.Build.0 = Debug|Any CPU
		{85C5A34A-01F2-4BD6-B024-AF9C623D01AC}.Release|Any CPU.ActiveCfg = Release|Any CPU
		{85C5A34A-01F2-4BD6-B024-AF9C623D01AC}.Release|Any CPU.Build.0 = Release|Any CPU
		{85C5A34A-01F2-4BD6-B024-AF9C623D01AC}.Release|x64.ActiveCfg = Release|Any CPU
		{85C5A34A-01F2-4BD6-B024-AF9C623D01AC}.Release|x64.Build.0 = Release|Any CPU
		{85C5A34A-01F2-4BD6-B024-AF9C623D01AC}.Release|x86.ActiveCfg = Release|Any CPU
		{85C5A34A-01F2-4BD6-B024-AF9C623D01AC}.Release|x86.Build.0 = Release|Any CPU
		{5487F332-ECEE-40A3-9CA2-1F956F7E1FF4}.Debug|Any CPU.ActiveCfg = Debug|Any CPU
		{5487F332-ECEE-40A3-9CA2-1F956F7E1FF4}.Debug|Any CPU.Build.0 = Debug|Any CPU
		{5487F332-ECEE-40A3-9CA2-1F956F7E1FF4}.Debug|x64.ActiveCfg = Debug|Any CPU
		{5487F332-ECEE-40A3-9CA2-1F956F7E1FF4}.Debug|x64.Build.0 = Debug|Any CPU
		{5487F332-ECEE-40A3-9CA2-1F956F7E1FF4}.Debug|x86.ActiveCfg = Debug|Any CPU
		{5487F332-ECEE-40A3-9CA2-1F956F7E1FF4}.Debug|x86.Build.0 = Debug|Any CPU
		{5487F332-ECEE-40A3-9CA2-1F956F7E1FF4}.Release|Any CPU.ActiveCfg = Release|Any CPU
		{5487F332-ECEE-40A3-9CA2-1F956F7E1FF4}.Release|Any CPU.Build.0 = Release|Any CPU
		{5487F332-ECEE-40A3-9CA2-1F956F7E1FF4}.Release|x64.ActiveCfg = Release|Any CPU
		{5487F332-ECEE-40A3-9CA2-1F956F7E1FF4}.Release|x64.Build.0 = Release|Any CPU
		{5487F332-ECEE-40A3-9CA2-1F956F7E1FF4}.Release|x86.ActiveCfg = Release|Any CPU
		{5487F332-ECEE-40A3-9CA2-1F956F7E1FF4}.Release|x86.Build.0 = Release|Any CPU
		{5B0AA150-B05D-4B12-A031-B11216BB5E75}.Debug|Any CPU.ActiveCfg = Debug|x64
		{5B0AA150-B05D-4B12-A031-B11216BB5E75}.Debug|Any CPU.Build.0 = Debug|x64
		{5B0AA150-B05D-4B12-A031-B11216BB5E75}.Debug|x64.ActiveCfg = Debug|x64
		{5B0AA150-B05D-4B12-A031-B11216BB5E75}.Debug|x64.Build.0 = Debug|x64
		{5B0AA150-B05D-4B12-A031-B11216BB5E75}.Debug|x86.ActiveCfg = Debug|Win32
		{5B0AA150-B05D-4B12-A031-B11216BB5E75}.Debug|x86.Build.0 = Debug|Win32
		{5B0AA150-B05D-4B12-A031-B11216BB5E75}.Release|Any CPU.ActiveCfg = Release|x64
		{5B0AA150-B05D-4B12-A031-B11216BB5E75}.Release|Any CPU.Build.0 = Release|x64
		{5B0AA150-B05D-4B12-A031-B11216BB5E75}.Release|x64.ActiveCfg = Release|x64
		{5B0AA150-B05D-4B12-A031-B11216BB5E75}.Release|x64.Build.0 = Release|x64
		{5B0AA150-B05D-4B12-A031-B11216BB5E75}.Release|x86.ActiveCfg = Release|Win32
		{5B0AA150-B05D-4B12-A031-B11216BB5E75}.Release|x86.Build.0 = Release|Win32
	EndGlobalSection
	GlobalSection(SolutionProperties) = preSolution
		HideSolutionNode = FALSE
	EndGlobalSection
	GlobalSection(ExtensibilityGlobals) = postSolution
		SolutionGuid = {BC8FAC90-BF21-4460-AF2F-8C4B603BA889}
	EndGlobalSection
EndGlobal
